
Microsoft Visual Studio Solution File, Format Version 12.00
# Visual Studio Version 17
VisualStudioVersion = 17.13.35828.75
MinimumVisualStudioVersion = 10.0.40219.1
Project("{FAE04EC0-301F-11D3-BF4B-00C04F79EFBC}") = "DAL", "DAL\DAL.csproj", "{9FB152E2-A87E-4F16-A9F7-14FD0CA9B11B}"
EndProject
Project("{FAE04EC0-301F-11D3-BF4B-00C04F79EFBC}") = "BLL", "BLL\BLL.csproj", "{FA6F6905-3CF4-493F-8C00-906AF3EFE3F5}"
EndProject
Project("{FAE04EC0-301F-11D3-BF4B-00C04F79EFBC}") = "DOMAIN", "DOMAIN\DOMAIN.csproj", "{F2E1A611-A287-4EB6-8576-19745976DA32}"
EndProject
Project("{FAE04EC0-301F-11D3-BF4B-00C04F79EFBC}") = "UI", "UI\UI.csproj", "{3ADE2C5E-3935-446E-99F6-C9FF073DA93C}"
EndProject
Project("{FAE04EC0-301F-11D3-BF4B-00C04F79EFBC}") = "Services", "Services\Services.csproj", "{60B9AA5E-656A-4D61-B961-F9AE41CC5087}"
EndProject
Global
	GlobalSection(SolutionConfigurationPlatforms) = preSolution
		Debug|Any CPU = Debug|Any CPU
		Release|Any CPU = Release|Any CPU
	EndGlobalSection
	GlobalSection(ProjectConfigurationPlatforms) = postSolution
		{9FB152E2-A87E-4F16-A9F7-14FD0CA9B11B}.Debug|Any CPU.ActiveCfg = Debug|Any CPU
		{9FB152E2-A87E-4F16-A9F7-14FD0CA9B11B}.Debug|Any CPU.Build.0 = Debug|Any CPU
		{9FB152E2-A87E-4F16-A9F7-14FD0CA9B11B}.Release|Any CPU.ActiveCfg = Release|Any CPU
		{9FB152E2-A87E-4F16-A9F7-14FD0CA9B11B}.Release|Any CPU.Build.0 = Release|Any CPU
		{FA6F6905-3CF4-493F-8C00-906AF3EFE3F5}.Debug|Any CPU.ActiveCfg = Debug|Any CPU
		{FA6F6905-3CF4-493F-8C00-906AF3EFE3F5}.Debug|Any CPU.Build.0 = Debug|Any CPU
		{FA6F6905-3CF4-493F-8C00-906AF3EFE3F5}.Release|Any CPU.ActiveCfg = Release|Any CPU
		{FA6F6905-3CF4-493F-8C00-906AF3EFE3F5}.Release|Any CPU.Build.0 = Release|Any CPU
		{F2E1A611-A287-4EB6-8576-19745976DA32}.Debug|Any CPU.ActiveCfg = Debug|Any CPU
		{F2E1A611-A287-4EB6-8576-19745976DA32}.Debug|Any CPU.Build.0 = Debug|Any CPU
		{F2E1A611-A287-4EB6-8576-19745976DA32}.Release|Any CPU.ActiveCfg = Release|Any CPU
		{F2E1A611-A287-4EB6-8576-19745976DA32}.Release|Any CPU.Build.0 = Release|Any CPU
		{3ADE2C5E-3935-446E-99F6-C9FF073DA93C}.Debug|Any CPU.ActiveCfg = Debug|Any CPU
		{3ADE2C5E-3935-446E-99F6-C9FF073DA93C}.Debug|Any CPU.Build.0 = Debug|Any CPU
		{3ADE2C5E-3935-446E-99F6-C9FF073DA93C}.Release|Any CPU.ActiveCfg = Release|Any CPU
		{3ADE2C5E-3935-446E-99F6-C9FF073DA93C}.Release|Any CPU.Build.0 = Release|Any CPU
		{60B9AA5E-656A-4D61-B961-F9AE41CC5087}.Debug|Any CPU.ActiveCfg = Debug|Any CPU
		{60B9AA5E-656A-4D61-B961-F9AE41CC5087}.Debug|Any CPU.Build.0 = Debug|Any CPU
		{60B9AA5E-656A-4D61-B961-F9AE41CC5087}.Release|Any CPU.ActiveCfg = Release|Any CPU
		{60B9AA5E-656A-4D61-B961-F9AE41CC5087}.Release|Any CPU.Build.0 = Release|Any CPU
	EndGlobalSection
	GlobalSection(SolutionProperties) = preSolution
		HideSolutionNode = FALSE
	EndGlobalSection
	GlobalSection(ExtensibilityGlobals) = postSolution
		SolutionGuid = {4D3748D9-BB68-42E1-90DA-5338534841E2}
	EndGlobalSection
EndGlobal
